// !$*UTF8*$!
{
	archiveVersion = 1;
	classes = {
	};
	objectVersion = 50;
	objects = {

/* Begin PBXBuildFile section */
		181617062CD78E78D104211D /* Pods_financeApp.framework in Frameworks */ = {isa = PBXBuildFile; fileRef = 2A293E335BB9933849828864 /* Pods_financeApp.framework */; };
		205599932134FBDA00B06AD7 /* AppDelegate.swift in Sources */ = {isa = PBXBuildFile; fileRef = 205599922134FBDA00B06AD7 /* AppDelegate.swift */; };
		205599952134FBDA00B06AD7 /* ViewController.swift in Sources */ = {isa = PBXBuildFile; fileRef = 205599942134FBDA00B06AD7 /* ViewController.swift */; };
		205599982134FBDA00B06AD7 /* Main.storyboard in Resources */ = {isa = PBXBuildFile; fileRef = 205599962134FBDA00B06AD7 /* Main.storyboard */; };
		2055999D2134FBDB00B06AD7 /* LaunchScreen.storyboard in Resources */ = {isa = PBXBuildFile; fileRef = 2055999B2134FBDB00B06AD7 /* LaunchScreen.storyboard */; };
		205599AA2135008200B06AD7 /* Plaid+Extensions.swift in Sources */ = {isa = PBXBuildFile; fileRef = 205599A92135008200B06AD7 /* Plaid+Extensions.swift */; };
		205599BF2135016800B06AD7 /* Account.swift in Sources */ = {isa = PBXBuildFile; fileRef = 205599AB2135016500B06AD7 /* Account.swift */; };
		205599C02135016800B06AD7 /* ItemAccess.swift in Sources */ = {isa = PBXBuildFile; fileRef = 205599AC2135016500B06AD7 /* ItemAccess.swift */; };
		205599C12135016800B06AD7 /* Balance.swift in Sources */ = {isa = PBXBuildFile; fileRef = 205599AD2135016600B06AD7 /* Balance.swift */; };
		205599C22135016800B06AD7 /* Transaction.swift in Sources */ = {isa = PBXBuildFile; fileRef = 205599AE2135016600B06AD7 /* Transaction.swift */; };
		205599C32135016800B06AD7 /* Email.swift in Sources */ = {isa = PBXBuildFile; fileRef = 205599AF2135016600B06AD7 /* Email.swift */; };
		205599C92135016800B06AD7 /* Bank.swift in Sources */ = {isa = PBXBuildFile; fileRef = 205599B52135016600B06AD7 /* Bank.swift */; };
		205599CB2135016800B06AD7 /* PhoneNumber.swift in Sources */ = {isa = PBXBuildFile; fileRef = 205599B72135016700B06AD7 /* PhoneNumber.swift */; };
		205599CD2135016800B06AD7 /* Identity.swift in Sources */ = {isa = PBXBuildFile; fileRef = 205599B92135016700B06AD7 /* Identity.swift */; };
		205599CE2135016800B06AD7 /* Addresses.swift in Sources */ = {isa = PBXBuildFile; fileRef = 205599BA2135016700B06AD7 /* Addresses.swift */; };
		205599D7213508ED00B06AD7 /* PlaidOperation.swift in Sources */ = {isa = PBXBuildFile; fileRef = 205599D6213508ED00B06AD7 /* PlaidOperation.swift */; };
		205599DB213509AD00B06AD7 /* Routing.swift in Sources */ = {isa = PBXBuildFile; fileRef = 205599D8213509AD00B06AD7 /* Routing.swift */; };
		205599DC213509AD00B06AD7 /* KeyChain.swift in Sources */ = {isa = PBXBuildFile; fileRef = 205599D9213509AD00B06AD7 /* KeyChain.swift */; };
		205599DD213509AD00B06AD7 /* Networking.swift in Sources */ = {isa = PBXBuildFile; fileRef = 205599DA213509AD00B06AD7 /* Networking.swift */; };
		205599DF2135114500B06AD7 /* String+Extensions.swift in Sources */ = {isa = PBXBuildFile; fileRef = 205599DE2135114500B06AD7 /* String+Extensions.swift */; };
		205599E1213512D400B06AD7 /* Date+Extensions.swift in Sources */ = {isa = PBXBuildFile; fileRef = 205599E0213512D400B06AD7 /* Date+Extensions.swift */; };
		205599E421351A0B00B06AD7 /* UserServices.swift in Sources */ = {isa = PBXBuildFile; fileRef = 205599E321351A0A00B06AD7 /* UserServices.swift */; };
		205599E621351A4D00B06AD7 /* User.swift in Sources */ = {isa = PBXBuildFile; fileRef = 205599E521351A4D00B06AD7 /* User.swift */; };
		205599E82135227800B06AD7 /* GoogleService-Info.plist in Resources */ = {isa = PBXBuildFile; fileRef = 205599E72135227800B06AD7 /* GoogleService-Info.plist */; };
		205599EA213526C800B06AD7 /* PlaidServices.swift in Sources */ = {isa = PBXBuildFile; fileRef = 205599E9213526C800B06AD7 /* PlaidServices.swift */; };
		205599EC2135DC8800B06AD7 /* MessageServices.swift in Sources */ = {isa = PBXBuildFile; fileRef = 205599EB2135DC8800B06AD7 /* MessageServices.swift */; };
		205599EE2135DCF500B06AD7 /* Message.swift in Sources */ = {isa = PBXBuildFile; fileRef = 205599ED2135DCF500B06AD7 /* Message.swift */; };
		20E9F85C21364D30006E5A80 /* LoginViewController.swift in Sources */ = {isa = PBXBuildFile; fileRef = 20E9F85B21364D30006E5A80 /* LoginViewController.swift */; };
		20E9F85E213714E1006E5A80 /* Assets.xcassets in Resources */ = {isa = PBXBuildFile; fileRef = 20E9F85D213714E0006E5A80 /* Assets.xcassets */; };
		20E9F860213760B2006E5A80 /* viewControllers.swift in Sources */ = {isa = PBXBuildFile; fileRef = 20E9F85F213760B2006E5A80 /* viewControllers.swift */; };
		20E9F8632137B636006E5A80 /* Message.storyboard in Resources */ = {isa = PBXBuildFile; fileRef = 20E9F8622137B636006E5A80 /* Message.storyboard */; };
		20E9F866213851DA006E5A80 /* MessageTableViewCell.swift in Sources */ = {isa = PBXBuildFile; fileRef = 20E9F865213851DA006E5A80 /* MessageTableViewCell.swift */; };
		20E9F86821387141006E5A80 /* MessageViewController.swift in Sources */ = {isa = PBXBuildFile; fileRef = 20E9F86721387141006E5A80 /* MessageViewController.swift */; };
		20E9F86C2138888D006E5A80 /* TextMessageSentTableViewCell.swift in Sources */ = {isa = PBXBuildFile; fileRef = 20E9F86B2138888D006E5A80 /* TextMessageSentTableViewCell.swift */; };
		20E9F86E213888A1006E5A80 /* TextMessageRecievedTableViewCell.swift in Sources */ = {isa = PBXBuildFile; fileRef = 20E9F86D213888A1006E5A80 /* TextMessageRecievedTableViewCell.swift */; };
		20E9F87021389526006E5A80 /* Boot.swift in Sources */ = {isa = PBXBuildFile; fileRef = 20E9F86F21389526006E5A80 /* Boot.swift */; };
		20E9F87221389754006E5A80 /* BotServices.swift in Sources */ = {isa = PBXBuildFile; fileRef = 20E9F87121389753006E5A80 /* BotServices.swift */; };
		20E9F87421392CB2006E5A80 /* CardCollectionViewCell.swift in Sources */ = {isa = PBXBuildFile; fileRef = 20E9F87321392CB2006E5A80 /* CardCollectionViewCell.swift */; };
/* End PBXBuildFile section */

/* Begin PBXFileReference section */
		2055998F2134FBDA00B06AD7 /* financeApp.app */ = {isa = PBXFileReference; explicitFileType = wrapper.application; includeInIndex = 0; path = financeApp.app; sourceTree = BUILT_PRODUCTS_DIR; };
		205599922134FBDA00B06AD7 /* AppDelegate.swift */ = {isa = PBXFileReference; lastKnownFileType = sourcecode.swift; path = AppDelegate.swift; sourceTree = "<group>"; };
		205599942134FBDA00B06AD7 /* ViewController.swift */ = {isa = PBXFileReference; lastKnownFileType = sourcecode.swift; path = ViewController.swift; sourceTree = "<group>"; };
		205599972134FBDA00B06AD7 /* Base */ = {isa = PBXFileReference; lastKnownFileType = file.storyboard; name = Base; path = Base.lproj/Main.storyboard; sourceTree = "<group>"; };
		2055999C2134FBDB00B06AD7 /* Base */ = {isa = PBXFileReference; lastKnownFileType = file.storyboard; name = Base; path = Base.lproj/LaunchScreen.storyboard; sourceTree = "<group>"; };
		2055999E2134FBDB00B06AD7 /* Info.plist */ = {isa = PBXFileReference; lastKnownFileType = text.plist.xml; path = Info.plist; sourceTree = "<group>"; };
		205599A92135008200B06AD7 /* Plaid+Extensions.swift */ = {isa = PBXFileReference; lastKnownFileType = sourcecode.swift; path = "Plaid+Extensions.swift"; sourceTree = "<group>"; };
		205599AB2135016500B06AD7 /* Account.swift */ = {isa = PBXFileReference; fileEncoding = 4; lastKnownFileType = sourcecode.swift; path = Account.swift; sourceTree = "<group>"; };
		205599AC2135016500B06AD7 /* ItemAccess.swift */ = {isa = PBXFileReference; fileEncoding = 4; lastKnownFileType = sourcecode.swift; path = ItemAccess.swift; sourceTree = "<group>"; };
		205599AD2135016600B06AD7 /* Balance.swift */ = {isa = PBXFileReference; fileEncoding = 4; lastKnownFileType = sourcecode.swift; path = Balance.swift; sourceTree = "<group>"; };
		205599AE2135016600B06AD7 /* Transaction.swift */ = {isa = PBXFileReference; fileEncoding = 4; lastKnownFileType = sourcecode.swift; path = Transaction.swift; sourceTree = "<group>"; };
		205599AF2135016600B06AD7 /* Email.swift */ = {isa = PBXFileReference; fileEncoding = 4; lastKnownFileType = sourcecode.swift; path = Email.swift; sourceTree = "<group>"; };
		205599B52135016600B06AD7 /* Bank.swift */ = {isa = PBXFileReference; fileEncoding = 4; lastKnownFileType = sourcecode.swift; path = Bank.swift; sourceTree = "<group>"; };
		205599B72135016700B06AD7 /* PhoneNumber.swift */ = {isa = PBXFileReference; fileEncoding = 4; lastKnownFileType = sourcecode.swift; path = PhoneNumber.swift; sourceTree = "<group>"; };
		205599B92135016700B06AD7 /* Identity.swift */ = {isa = PBXFileReference; fileEncoding = 4; lastKnownFileType = sourcecode.swift; path = Identity.swift; sourceTree = "<group>"; };
		205599BA2135016700B06AD7 /* Addresses.swift */ = {isa = PBXFileReference; fileEncoding = 4; lastKnownFileType = sourcecode.swift; path = Addresses.swift; sourceTree = "<group>"; };
		205599D6213508ED00B06AD7 /* PlaidOperation.swift */ = {isa = PBXFileReference; fileEncoding = 4; lastKnownFileType = sourcecode.swift; path = PlaidOperation.swift; sourceTree = "<group>"; };
		205599D8213509AD00B06AD7 /* Routing.swift */ = {isa = PBXFileReference; fileEncoding = 4; lastKnownFileType = sourcecode.swift; path = Routing.swift; sourceTree = "<group>"; };
		205599D9213509AD00B06AD7 /* KeyChain.swift */ = {isa = PBXFileReference; fileEncoding = 4; lastKnownFileType = sourcecode.swift; path = KeyChain.swift; sourceTree = "<group>"; };
		205599DA213509AD00B06AD7 /* Networking.swift */ = {isa = PBXFileReference; fileEncoding = 4; lastKnownFileType = sourcecode.swift; path = Networking.swift; sourceTree = "<group>"; };
		205599DE2135114500B06AD7 /* String+Extensions.swift */ = {isa = PBXFileReference; lastKnownFileType = sourcecode.swift; path = "String+Extensions.swift"; sourceTree = "<group>"; };
		205599E0213512D400B06AD7 /* Date+Extensions.swift */ = {isa = PBXFileReference; lastKnownFileType = sourcecode.swift; path = "Date+Extensions.swift"; sourceTree = "<group>"; };
		205599E321351A0A00B06AD7 /* UserServices.swift */ = {isa = PBXFileReference; fileEncoding = 4; lastKnownFileType = sourcecode.swift; path = UserServices.swift; sourceTree = "<group>"; };
		205599E521351A4D00B06AD7 /* User.swift */ = {isa = PBXFileReference; fileEncoding = 4; lastKnownFileType = sourcecode.swift; path = User.swift; sourceTree = "<group>"; };
		205599E72135227800B06AD7 /* GoogleService-Info.plist */ = {isa = PBXFileReference; fileEncoding = 4; lastKnownFileType = text.plist.xml; path = "GoogleService-Info.plist"; sourceTree = "<group>"; };
		205599E9213526C800B06AD7 /* PlaidServices.swift */ = {isa = PBXFileReference; lastKnownFileType = sourcecode.swift; path = PlaidServices.swift; sourceTree = "<group>"; };
		205599EB2135DC8800B06AD7 /* MessageServices.swift */ = {isa = PBXFileReference; lastKnownFileType = sourcecode.swift; path = MessageServices.swift; sourceTree = "<group>"; };
		205599ED2135DCF500B06AD7 /* Message.swift */ = {isa = PBXFileReference; lastKnownFileType = sourcecode.swift; path = Message.swift; sourceTree = "<group>"; };
		20E9F85B21364D30006E5A80 /* LoginViewController.swift */ = {isa = PBXFileReference; lastKnownFileType = sourcecode.swift; path = LoginViewController.swift; sourceTree = "<group>"; };
		20E9F85D213714E0006E5A80 /* Assets.xcassets */ = {isa = PBXFileReference; lastKnownFileType = folder.assetcatalog; path = Assets.xcassets; sourceTree = "<group>"; };
		20E9F85F213760B2006E5A80 /* viewControllers.swift */ = {isa = PBXFileReference; fileEncoding = 4; lastKnownFileType = sourcecode.swift; path = viewControllers.swift; sourceTree = "<group>"; };
		20E9F8622137B636006E5A80 /* Message.storyboard */ = {isa = PBXFileReference; fileEncoding = 4; lastKnownFileType = file.storyboard; path = Message.storyboard; sourceTree = "<group>"; };
		20E9F865213851DA006E5A80 /* MessageTableViewCell.swift */ = {isa = PBXFileReference; lastKnownFileType = sourcecode.swift; path = MessageTableViewCell.swift; sourceTree = "<group>"; };
		20E9F86721387141006E5A80 /* MessageViewController.swift */ = {isa = PBXFileReference; lastKnownFileType = sourcecode.swift; path = MessageViewController.swift; sourceTree = "<group>"; };
		20E9F86B2138888D006E5A80 /* TextMessageSentTableViewCell.swift */ = {isa = PBXFileReference; lastKnownFileType = sourcecode.swift; path = TextMessageSentTableViewCell.swift; sourceTree = "<group>"; };
		20E9F86D213888A1006E5A80 /* TextMessageRecievedTableViewCell.swift */ = {isa = PBXFileReference; lastKnownFileType = sourcecode.swift; path = TextMessageRecievedTableViewCell.swift; sourceTree = "<group>"; };
		20E9F86F21389526006E5A80 /* Boot.swift */ = {isa = PBXFileReference; lastKnownFileType = sourcecode.swift; path = Boot.swift; sourceTree = "<group>"; };
		20E9F87121389753006E5A80 /* BotServices.swift */ = {isa = PBXFileReference; lastKnownFileType = sourcecode.swift; path = BotServices.swift; sourceTree = "<group>"; };
		20E9F87321392CB2006E5A80 /* CardCollectionViewCell.swift */ = {isa = PBXFileReference; lastKnownFileType = sourcecode.swift; path = CardCollectionViewCell.swift; sourceTree = "<group>"; };
		2A293E335BB9933849828864 /* Pods_financeApp.framework */ = {isa = PBXFileReference; explicitFileType = wrapper.framework; includeInIndex = 0; path = Pods_financeApp.framework; sourceTree = BUILT_PRODUCTS_DIR; };
		2CB1A70996B9258FA990A9B0 /* Pods-financeApp.release.xcconfig */ = {isa = PBXFileReference; includeInIndex = 1; lastKnownFileType = text.xcconfig; name = "Pods-financeApp.release.xcconfig"; path = "Pods/Target Support Files/Pods-financeApp/Pods-financeApp.release.xcconfig"; sourceTree = "<group>"; };
		2FEA62DC96CD68F095530D9A /* Pods-financeApp.debug.xcconfig */ = {isa = PBXFileReference; includeInIndex = 1; lastKnownFileType = text.xcconfig; name = "Pods-financeApp.debug.xcconfig"; path = "Pods/Target Support Files/Pods-financeApp/Pods-financeApp.debug.xcconfig"; sourceTree = "<group>"; };
/* End PBXFileReference section */

/* Begin PBXFrameworksBuildPhase section */
		2055998C2134FBDA00B06AD7 /* Frameworks */ = {
			isa = PBXFrameworksBuildPhase;
			buildActionMask = 2147483647;
			files = (
				181617062CD78E78D104211D /* Pods_financeApp.framework in Frameworks */,
			);
			runOnlyForDeploymentPostprocessing = 0;
		};
/* End PBXFrameworksBuildPhase section */

/* Begin PBXGroup section */
		205599862134FBDA00B06AD7 = {
			isa = PBXGroup;
			children = (
				205599912134FBDA00B06AD7 /* financeApp */,
				205599902134FBDA00B06AD7 /* Products */,
				A9D12D99EA5871312DB1A2CE /* Pods */,
				6788F2A0A20878320A08980D /* Frameworks */,
			);
			sourceTree = "<group>";
		};
		205599902134FBDA00B06AD7 /* Products */ = {
			isa = PBXGroup;
			children = (
				2055998F2134FBDA00B06AD7 /* financeApp.app */,
			);
			name = Products;
			sourceTree = "<group>";
		};
		205599912134FBDA00B06AD7 /* financeApp */ = {
			isa = PBXGroup;
			children = (
				20E9F8612137B26C006E5A80 /* Storyboard */,
				20E9F85D213714E0006E5A80 /* Assets.xcassets */,
				205599E2213519E500B06AD7 /* Services */,
				205599D3213507A800B06AD7 /* Manager */,
				205599A82135002300B06AD7 /* Controllers */,
				205599A72134FFF500B06AD7 /* Views */,
				205599A62134FFE300B06AD7 /* Models */,
				205599A52134FFD900B06AD7 /* Extensions */,
				205599A42134FFCC00B06AD7 /* Supporting Files */,
				205599922134FBDA00B06AD7 /* AppDelegate.swift */,
				205599942134FBDA00B06AD7 /* ViewController.swift */,
				205599962134FBDA00B06AD7 /* Main.storyboard */,
				2055999B2134FBDB00B06AD7 /* LaunchScreen.storyboard */,
				2055999E2134FBDB00B06AD7 /* Info.plist */,
			);
			path = financeApp;
			sourceTree = "<group>";
		};
		205599A42134FFCC00B06AD7 /* Supporting Files */ = {
			isa = PBXGroup;
			children = (
				205599E72135227800B06AD7 /* GoogleService-Info.plist */,
			);
			path = "Supporting Files";
			sourceTree = "<group>";
		};
		205599A52134FFD900B06AD7 /* Extensions */ = {
			isa = PBXGroup;
			children = (
				20E9F85F213760B2006E5A80 /* viewControllers.swift */,
				205599A92135008200B06AD7 /* Plaid+Extensions.swift */,
				205599DE2135114500B06AD7 /* String+Extensions.swift */,
				205599E0213512D400B06AD7 /* Date+Extensions.swift */,
			);
			path = Extensions;
			sourceTree = "<group>";
		};
		205599A62134FFE300B06AD7 /* Models */ = {
			isa = PBXGroup;
			children = (
				205599E521351A4D00B06AD7 /* User.swift */,
				205599AB2135016500B06AD7 /* Account.swift */,
				205599BA2135016700B06AD7 /* Addresses.swift */,
				205599AD2135016600B06AD7 /* Balance.swift */,
				205599B52135016600B06AD7 /* Bank.swift */,
				205599AF2135016600B06AD7 /* Email.swift */,
				205599B92135016700B06AD7 /* Identity.swift */,
				205599AC2135016500B06AD7 /* ItemAccess.swift */,
				205599B72135016700B06AD7 /* PhoneNumber.swift */,
				205599AE2135016600B06AD7 /* Transaction.swift */,
				205599ED2135DCF500B06AD7 /* Message.swift */,
				20E9F86F21389526006E5A80 /* Boot.swift */,
			);
			path = Models;
			sourceTree = "<group>";
		};
		205599A72134FFF500B06AD7 /* Views */ = {
			isa = PBXGroup;
			children = (
				20E9F865213851DA006E5A80 /* MessageTableViewCell.swift */,
				20E9F86B2138888D006E5A80 /* TextMessageSentTableViewCell.swift */,
				20E9F86D213888A1006E5A80 /* TextMessageRecievedTableViewCell.swift */,
				20E9F87321392CB2006E5A80 /* CardCollectionViewCell.swift */,
			);
			path = Views;
			sourceTree = "<group>";
		};
		205599A82135002300B06AD7 /* Controllers */ = {
			isa = PBXGroup;
			children = (
				20E9F85B21364D30006E5A80 /* LoginViewController.swift */,
				20E9F86721387141006E5A80 /* MessageViewController.swift */,
			);
			path = Controllers;
			sourceTree = "<group>";
		};
		205599D3213507A800B06AD7 /* Manager */ = {
			isa = PBXGroup;
			children = (
				205599D9213509AD00B06AD7 /* KeyChain.swift */,
				205599DA213509AD00B06AD7 /* Networking.swift */,
				205599D8213509AD00B06AD7 /* Routing.swift */,
				205599D6213508ED00B06AD7 /* PlaidOperation.swift */,
			);
			path = Manager;
			sourceTree = "<group>";
		};
		205599E2213519E500B06AD7 /* Services */ = {
			isa = PBXGroup;
			children = (
				205599E321351A0A00B06AD7 /* UserServices.swift */,
				205599E9213526C800B06AD7 /* PlaidServices.swift */,
				205599EB2135DC8800B06AD7 /* MessageServices.swift */,
				20E9F87121389753006E5A80 /* BotServices.swift */,
			);
			path = Services;
			sourceTree = "<group>";
		};
		20E9F8612137B26C006E5A80 /* Storyboard */ = {
			isa = PBXGroup;
			children = (
				20E9F8622137B636006E5A80 /* Message.storyboard */,
			);
			path = Storyboard;
			sourceTree = "<group>";
		};
		6788F2A0A20878320A08980D /* Frameworks */ = {
			isa = PBXGroup;
			children = (
				2A293E335BB9933849828864 /* Pods_financeApp.framework */,
			);
			name = Frameworks;
			sourceTree = "<group>";
		};
		A9D12D99EA5871312DB1A2CE /* Pods */ = {
			isa = PBXGroup;
			children = (
				2FEA62DC96CD68F095530D9A /* Pods-financeApp.debug.xcconfig */,
				2CB1A70996B9258FA990A9B0 /* Pods-financeApp.release.xcconfig */,
			);
			name = Pods;
			sourceTree = "<group>";
		};
/* End PBXGroup section */

/* Begin PBXNativeTarget section */
		2055998E2134FBDA00B06AD7 /* financeApp */ = {
			isa = PBXNativeTarget;
			buildConfigurationList = 205599A12134FBDB00B06AD7 /* Build configuration list for PBXNativeTarget "financeApp" */;
			buildPhases = (
				6A592E5830843CA316C7D061 /* [CP] Check Pods Manifest.lock */,
				2055998B2134FBDA00B06AD7 /* Sources */,
				2055998C2134FBDA00B06AD7 /* Frameworks */,
				2055998D2134FBDA00B06AD7 /* Resources */,
				A9A35CE28A373234464A6E87 /* [CP] Embed Pods Frameworks */,
				1F892263EDCC941B426A11E6 /* [CP] Copy Pods Resources */,
			);
			buildRules = (
			);
			dependencies = (
			);
			name = financeApp;
			productName = financeApp;
			productReference = 2055998F2134FBDA00B06AD7 /* financeApp.app */;
			productType = "com.apple.product-type.application";
		};
/* End PBXNativeTarget section */

/* Begin PBXProject section */
		205599872134FBDA00B06AD7 /* Project object */ = {
			isa = PBXProject;
			attributes = {
				LastSwiftUpdateCheck = 0940;
				LastUpgradeCheck = 0940;
				ORGANIZATIONNAME = "Yves Songolo";
				TargetAttributes = {
					2055998E2134FBDA00B06AD7 = {
						CreatedOnToolsVersion = 9.4.1;
					};
				};
			};
			buildConfigurationList = 2055998A2134FBDA00B06AD7 /* Build configuration list for PBXProject "financeApp" */;
			compatibilityVersion = "Xcode 9.3";
			developmentRegion = en;
			hasScannedForEncodings = 0;
			knownRegions = (
				en,
				Base,
			);
			mainGroup = 205599862134FBDA00B06AD7;
			productRefGroup = 205599902134FBDA00B06AD7 /* Products */;
			projectDirPath = "";
			projectRoot = "";
			targets = (
				2055998E2134FBDA00B06AD7 /* financeApp */,
			);
		};
/* End PBXProject section */

/* Begin PBXResourcesBuildPhase section */
		2055998D2134FBDA00B06AD7 /* Resources */ = {
			isa = PBXResourcesBuildPhase;
			buildActionMask = 2147483647;
			files = (
				2055999D2134FBDB00B06AD7 /* LaunchScreen.storyboard in Resources */,
				205599E82135227800B06AD7 /* GoogleService-Info.plist in Resources */,
				20E9F8632137B636006E5A80 /* Message.storyboard in Resources */,
				20E9F85E213714E1006E5A80 /* Assets.xcassets in Resources */,
				205599982134FBDA00B06AD7 /* Main.storyboard in Resources */,
			);
			runOnlyForDeploymentPostprocessing = 0;
		};
/* End PBXResourcesBuildPhase section */

/* Begin PBXShellScriptBuildPhase section */
		1F892263EDCC941B426A11E6 /* [CP] Copy Pods Resources */ = {
			isa = PBXShellScriptBuildPhase;
			buildActionMask = 2147483647;
			files = (
			);
			inputPaths = (
				"${SRCROOT}/Pods/Target Support Files/Pods-financeApp/Pods-financeApp-resources.sh",
				"${PODS_CONFIGURATION_BUILD_DIR}/FirebaseUI/FirebaseAuthUI.bundle",
				"${PODS_ROOT}/GoogleSignIn/Resources/GoogleSignIn.bundle",
			);
			name = "[CP] Copy Pods Resources";
			outputPaths = (
				"${TARGET_BUILD_DIR}/${UNLOCALIZED_RESOURCES_FOLDER_PATH}/FirebaseAuthUI.bundle",
				"${TARGET_BUILD_DIR}/${UNLOCALIZED_RESOURCES_FOLDER_PATH}/GoogleSignIn.bundle",
			);
			runOnlyForDeploymentPostprocessing = 0;
			shellPath = /bin/sh;
			shellScript = "\"${SRCROOT}/Pods/Target Support Files/Pods-financeApp/Pods-financeApp-resources.sh\"\n";
			showEnvVarsInLog = 0;
		};
		6A592E5830843CA316C7D061 /* [CP] Check Pods Manifest.lock */ = {
			isa = PBXShellScriptBuildPhase;
			buildActionMask = 2147483647;
			files = (
			);
			inputPaths = (
				"${PODS_PODFILE_DIR_PATH}/Podfile.lock",
				"${PODS_ROOT}/Manifest.lock",
			);
			name = "[CP] Check Pods Manifest.lock";
			outputPaths = (
				"$(DERIVED_FILE_DIR)/Pods-financeApp-checkManifestLockResult.txt",
			);
			runOnlyForDeploymentPostprocessing = 0;
			shellPath = /bin/sh;
			shellScript = "diff \"${PODS_PODFILE_DIR_PATH}/Podfile.lock\" \"${PODS_ROOT}/Manifest.lock\" > /dev/null\nif [ $? != 0 ] ; then\n    # print error to STDERR\n    echo \"error: The sandbox is not in sync with the Podfile.lock. Run 'pod install' or update your CocoaPods installation.\" >&2\n    exit 1\nfi\n# This output is used by Xcode 'outputs' to avoid re-running this script phase.\necho \"SUCCESS\" > \"${SCRIPT_OUTPUT_FILE_0}\"\n";
			showEnvVarsInLog = 0;
		};
		A9A35CE28A373234464A6E87 /* [CP] Embed Pods Frameworks */ = {
			isa = PBXShellScriptBuildPhase;
			buildActionMask = 2147483647;
			files = (
			);
			inputPaths = (
				"${SRCROOT}/Pods/Target Support Files/Pods-financeApp/Pods-financeApp-frameworks.sh",
				"${BUILT_PRODUCTS_DIR}/ApiAI/ApiAI.framework",
				"${BUILT_PRODUCTS_DIR}/Bolts/Bolts.framework",
				"${BUILT_PRODUCTS_DIR}/FBSDKCoreKit/FBSDKCoreKit.framework",
				"${BUILT_PRODUCTS_DIR}/FBSDKLoginKit/FBSDKLoginKit.framework",
				"${BUILT_PRODUCTS_DIR}/GTMOAuth2/GTMOAuth2.framework",
				"${BUILT_PRODUCTS_DIR}/GTMSessionFetcher/GTMSessionFetcher.framework",
				"${BUILT_PRODUCTS_DIR}/GoogleToolboxForMac/GoogleToolboxForMac.framework",
				"${BUILT_PRODUCTS_DIR}/GoogleUtilities/GoogleUtilities.framework",
				"${BUILT_PRODUCTS_DIR}/KeychainSwift/KeychainSwift.framework",
				"${BUILT_PRODUCTS_DIR}/Kingfisher/Kingfisher.framework",
				"${PODS_ROOT}/Plaid/ios/LinkKit.framework",
				"${BUILT_PRODUCTS_DIR}/Protobuf/Protobuf.framework",
				"${BUILT_PRODUCTS_DIR}/SnapKit/SnapKit.framework",
				"${BUILT_PRODUCTS_DIR}/leveldb-library/leveldb.framework",
				"${BUILT_PRODUCTS_DIR}/nanopb/nanopb.framework",
			);
			name = "[CP] Embed Pods Frameworks";
			outputPaths = (
				"${TARGET_BUILD_DIR}/${FRAMEWORKS_FOLDER_PATH}/ApiAI.framework",
				"${TARGET_BUILD_DIR}/${FRAMEWORKS_FOLDER_PATH}/Bolts.framework",
				"${TARGET_BUILD_DIR}/${FRAMEWORKS_FOLDER_PATH}/FBSDKCoreKit.framework",
				"${TARGET_BUILD_DIR}/${FRAMEWORKS_FOLDER_PATH}/FBSDKLoginKit.framework",
				"${TARGET_BUILD_DIR}/${FRAMEWORKS_FOLDER_PATH}/GTMOAuth2.framework",
				"${TARGET_BUILD_DIR}/${FRAMEWORKS_FOLDER_PATH}/GTMSessionFetcher.framework",
				"${TARGET_BUILD_DIR}/${FRAMEWORKS_FOLDER_PATH}/GoogleToolboxForMac.framework",
				"${TARGET_BUILD_DIR}/${FRAMEWORKS_FOLDER_PATH}/GoogleUtilities.framework",
				"${TARGET_BUILD_DIR}/${FRAMEWORKS_FOLDER_PATH}/KeychainSwift.framework",
				"${TARGET_BUILD_DIR}/${FRAMEWORKS_FOLDER_PATH}/Kingfisher.framework",
				"${TARGET_BUILD_DIR}/${FRAMEWORKS_FOLDER_PATH}/LinkKit.framework",
				"${TARGET_BUILD_DIR}/${FRAMEWORKS_FOLDER_PATH}/Protobuf.framework",
				"${TARGET_BUILD_DIR}/${FRAMEWORKS_FOLDER_PATH}/SnapKit.framework",
				"${TARGET_BUILD_DIR}/${FRAMEWORKS_FOLDER_PATH}/leveldb.framework",
				"${TARGET_BUILD_DIR}/${FRAMEWORKS_FOLDER_PATH}/nanopb.framework",
			);
			runOnlyForDeploymentPostprocessing = 0;
			shellPath = /bin/sh;
			shellScript = "\"${SRCROOT}/Pods/Target Support Files/Pods-financeApp/Pods-financeApp-frameworks.sh\"\n";
			showEnvVarsInLog = 0;
		};
/* End PBXShellScriptBuildPhase section */

/* Begin PBXSourcesBuildPhase section */
		2055998B2134FBDA00B06AD7 /* Sources */ = {
			isa = PBXSourcesBuildPhase;
			buildActionMask = 2147483647;
			files = (
				205599DB213509AD00B06AD7 /* Routing.swift in Sources */,
				20E9F86821387141006E5A80 /* MessageViewController.swift in Sources */,
				205599DD213509AD00B06AD7 /* Networking.swift in Sources */,
				205599C32135016800B06AD7 /* Email.swift in Sources */,
				205599CB2135016800B06AD7 /* PhoneNumber.swift in Sources */,
				205599DC213509AD00B06AD7 /* KeyChain.swift in Sources */,
				20E9F860213760B2006E5A80 /* viewControllers.swift in Sources */,
				205599C92135016800B06AD7 /* Bank.swift in Sources */,
				20E9F866213851DA006E5A80 /* MessageTableViewCell.swift in Sources */,
				205599D7213508ED00B06AD7 /* PlaidOperation.swift in Sources */,
				205599CE2135016800B06AD7 /* Addresses.swift in Sources */,
				205599E621351A4D00B06AD7 /* User.swift in Sources */,
				205599C02135016800B06AD7 /* ItemAccess.swift in Sources */,
				205599952134FBDA00B06AD7 /* ViewController.swift in Sources */,
				205599C12135016800B06AD7 /* Balance.swift in Sources */,
				20E9F85C21364D30006E5A80 /* LoginViewController.swift in Sources */,
				205599E1213512D400B06AD7 /* Date+Extensions.swift in Sources */,
				205599DF2135114500B06AD7 /* String+Extensions.swift in Sources */,
				205599C22135016800B06AD7 /* Transaction.swift in Sources */,
				205599EA213526C800B06AD7 /* PlaidServices.swift in Sources */,
				205599AA2135008200B06AD7 /* Plaid+Extensions.swift in Sources */,
				205599EE2135DCF500B06AD7 /* Message.swift in Sources */,
				205599EC2135DC8800B06AD7 /* MessageServices.swift in Sources */,
				20E9F87221389754006E5A80 /* BotServices.swift in Sources */,
				20E9F87421392CB2006E5A80 /* CardCollectionViewCell.swift in Sources */,
				20E9F87021389526006E5A80 /* Boot.swift in Sources */,
				205599CD2135016800B06AD7 /* Identity.swift in Sources */,
				20E9F86C2138888D006E5A80 /* TextMessageSentTableViewCell.swift in Sources */,
				205599BF2135016800B06AD7 /* Account.swift in Sources */,
				205599932134FBDA00B06AD7 /* AppDelegate.swift in Sources */,
				205599E421351A0B00B06AD7 /* UserServices.swift in Sources */,
				20E9F86E213888A1006E5A80 /* TextMessageRecievedTableViewCell.swift in Sources */,
			);
			runOnlyForDeploymentPostprocessing = 0;
		};
/* End PBXSourcesBuildPhase section */

/* Begin PBXVariantGroup section */
		205599962134FBDA00B06AD7 /* Main.storyboard */ = {
			isa = PBXVariantGroup;
			children = (
				205599972134FBDA00B06AD7 /* Base */,
			);
			name = Main.storyboard;
			sourceTree = "<group>";
		};
		2055999B2134FBDB00B06AD7 /* LaunchScreen.storyboard */ = {
			isa = PBXVariantGroup;
			children = (
				2055999C2134FBDB00B06AD7 /* Base */,
			);
			name = LaunchScreen.storyboard;
			sourceTree = "<group>";
		};
/* End PBXVariantGroup section */

/* Begin XCBuildConfiguration section */
		2055999F2134FBDB00B06AD7 /* Debug */ = {
			isa = XCBuildConfiguration;
			buildSettings = {
				ALWAYS_SEARCH_USER_PATHS = NO;
				CLANG_ANALYZER_NONNULL = YES;
				CLANG_ANALYZER_NUMBER_OBJECT_CONVERSION = YES_AGGRESSIVE;
				CLANG_CXX_LANGUAGE_STANDARD = "gnu++14";
				CLANG_CXX_LIBRARY = "libc++";
				CLANG_ENABLE_MODULES = YES;
				CLANG_ENABLE_OBJC_ARC = YES;
				CLANG_ENABLE_OBJC_WEAK = YES;
				CLANG_WARN_BLOCK_CAPTURE_AUTORELEASING = YES;
				CLANG_WARN_BOOL_CONVERSION = YES;
				CLANG_WARN_COMMA = YES;
				CLANG_WARN_CONSTANT_CONVERSION = YES;
				CLANG_WARN_DEPRECATED_OBJC_IMPLEMENTATIONS = YES;
				CLANG_WARN_DIRECT_OBJC_ISA_USAGE = YES_ERROR;
				CLANG_WARN_DOCUMENTATION_COMMENTS = YES;
				CLANG_WARN_EMPTY_BODY = YES;
				CLANG_WARN_ENUM_CONVERSION = YES;
				CLANG_WARN_INFINITE_RECURSION = YES;
				CLANG_WARN_INT_CONVERSION = YES;
				CLANG_WARN_NON_LITERAL_NULL_CONVERSION = YES;
				CLANG_WARN_OBJC_IMPLICIT_RETAIN_SELF = YES;
				CLANG_WARN_OBJC_LITERAL_CONVERSION = YES;
				CLANG_WARN_OBJC_ROOT_CLASS = YES_ERROR;
				CLANG_WARN_RANGE_LOOP_ANALYSIS = YES;
				CLANG_WARN_STRICT_PROTOTYPES = YES;
				CLANG_WARN_SUSPICIOUS_MOVE = YES;
				CLANG_WARN_UNGUARDED_AVAILABILITY = YES_AGGRESSIVE;
				CLANG_WARN_UNREACHABLE_CODE = YES;
				CLANG_WARN__DUPLICATE_METHOD_MATCH = YES;
				CODE_SIGN_IDENTITY = "iPhone Developer";
				COPY_PHASE_STRIP = NO;
				DEBUG_INFORMATION_FORMAT = dwarf;
				ENABLE_STRICT_OBJC_MSGSEND = YES;
				ENABLE_TESTABILITY = YES;
				GCC_C_LANGUAGE_STANDARD = gnu11;
				GCC_DYNAMIC_NO_PIC = NO;
				GCC_NO_COMMON_BLOCKS = YES;
				GCC_OPTIMIZATION_LEVEL = 0;
				GCC_PREPROCESSOR_DEFINITIONS = (
					"DEBUG=1",
					"$(inherited)",
				);
				GCC_WARN_64_TO_32_BIT_CONVERSION = YES;
				GCC_WARN_ABOUT_RETURN_TYPE = YES_ERROR;
				GCC_WARN_UNDECLARED_SELECTOR = YES;
				GCC_WARN_UNINITIALIZED_AUTOS = YES_AGGRESSIVE;
				GCC_WARN_UNUSED_FUNCTION = YES;
				GCC_WARN_UNUSED_VARIABLE = YES;
				IPHONEOS_DEPLOYMENT_TARGET = 11.4;
				MTL_ENABLE_DEBUG_INFO = YES;
				ONLY_ACTIVE_ARCH = YES;
				SDKROOT = iphoneos;
				SWIFT_ACTIVE_COMPILATION_CONDITIONS = DEBUG;
				SWIFT_OPTIMIZATION_LEVEL = "-Onone";
			};
			name = Debug;
		};
		205599A02134FBDB00B06AD7 /* Release */ = {
			isa = XCBuildConfiguration;
			buildSettings = {
				ALWAYS_SEARCH_USER_PATHS = NO;
				CLANG_ANALYZER_NONNULL = YES;
				CLANG_ANALYZER_NUMBER_OBJECT_CONVERSION = YES_AGGRESSIVE;
				CLANG_CXX_LANGUAGE_STANDARD = "gnu++14";
				CLANG_CXX_LIBRARY = "libc++";
				CLANG_ENABLE_MODULES = YES;
				CLANG_ENABLE_OBJC_ARC = YES;
				CLANG_ENABLE_OBJC_WEAK = YES;
				CLANG_WARN_BLOCK_CAPTURE_AUTORELEASING = YES;
				CLANG_WARN_BOOL_CONVERSION = YES;
				CLANG_WARN_COMMA = YES;
				CLANG_WARN_CONSTANT_CONVERSION = YES;
				CLANG_WARN_DEPRECATED_OBJC_IMPLEMENTATIONS = YES;
				CLANG_WARN_DIRECT_OBJC_ISA_USAGE = YES_ERROR;
				CLANG_WARN_DOCUMENTATION_COMMENTS = YES;
				CLANG_WARN_EMPTY_BODY = YES;
				CLANG_WARN_ENUM_CONVERSION = YES;
				CLANG_WARN_INFINITE_RECURSION = YES;
				CLANG_WARN_INT_CONVERSION = YES;
				CLANG_WARN_NON_LITERAL_NULL_CONVERSION = YES;
				CLANG_WARN_OBJC_IMPLICIT_RETAIN_SELF = YES;
				CLANG_WARN_OBJC_LITERAL_CONVERSION = YES;
				CLANG_WARN_OBJC_ROOT_CLASS = YES_ERROR;
				CLANG_WARN_RANGE_LOOP_ANALYSIS = YES;
				CLANG_WARN_STRICT_PROTOTYPES = YES;
				CLANG_WARN_SUSPICIOUS_MOVE = YES;
				CLANG_WARN_UNGUARDED_AVAILABILITY = YES_AGGRESSIVE;
				CLANG_WARN_UNREACHABLE_CODE = YES;
				CLANG_WARN__DUPLICATE_METHOD_MATCH = YES;
				CODE_SIGN_IDENTITY = "iPhone Developer";
				COPY_PHASE_STRIP = NO;
				DEBUG_INFORMATION_FORMAT = "dwarf-with-dsym";
				ENABLE_NS_ASSERTIONS = NO;
				ENABLE_STRICT_OBJC_MSGSEND = YES;
				GCC_C_LANGUAGE_STANDARD = gnu11;
				GCC_NO_COMMON_BLOCKS = YES;
				GCC_WARN_64_TO_32_BIT_CONVERSION = YES;
				GCC_WARN_ABOUT_RETURN_TYPE = YES_ERROR;
				GCC_WARN_UNDECLARED_SELECTOR = YES;
				GCC_WARN_UNINITIALIZED_AUTOS = YES_AGGRESSIVE;
				GCC_WARN_UNUSED_FUNCTION = YES;
				GCC_WARN_UNUSED_VARIABLE = YES;
				IPHONEOS_DEPLOYMENT_TARGET = 11.4;
				MTL_ENABLE_DEBUG_INFO = NO;
				SDKROOT = iphoneos;
				SWIFT_COMPILATION_MODE = wholemodule;
				SWIFT_OPTIMIZATION_LEVEL = "-O";
				VALIDATE_PRODUCT = YES;
			};
			name = Release;
		};
		205599A22134FBDB00B06AD7 /* Debug */ = {
			isa = XCBuildConfiguration;
			baseConfigurationReference = 2FEA62DC96CD68F095530D9A /* Pods-financeApp.debug.xcconfig */;
			buildSettings = {
				ASSETCATALOG_COMPILER_APPICON_NAME = AppIcon;
				CODE_SIGN_STYLE = Automatic;
				DEVELOPMENT_TEAM = K7R433H2CL;
				INFOPLIST_FILE = financeApp/Info.plist;
				LD_RUNPATH_SEARCH_PATHS = (
					"$(inherited)",
					"@executable_path/Frameworks",
				);
				PRODUCT_BUNDLE_IDENTIFIER = yveslym.financeApp;
				PRODUCT_NAME = "$(TARGET_NAME)";
				SWIFT_VERSION = 4.0;
				TARGETED_DEVICE_FAMILY = "1,2";
			};
			name = Debug;
		};
		205599A32134FBDB00B06AD7 /* Release */ = {
			isa = XCBuildConfiguration;
			baseConfigurationReference = 2CB1A70996B9258FA990A9B0 /* Pods-financeApp.release.xcconfig */;
			buildSettings = {
				ASSETCATALOG_COMPILER_APPICON_NAME = AppIcon;
				CODE_SIGN_STYLE = Automatic;
				DEVELOPMENT_TEAM = K7R433H2CL;
				INFOPLIST_FILE = financeApp/Info.plist;
				LD_RUNPATH_SEARCH_PATHS = (
					"$(inherited)",
					"@executable_path/Frameworks",
				);
				PRODUCT_BUNDLE_IDENTIFIER = yveslym.financeApp;
				PRODUCT_NAME = "$(TARGET_NAME)";
				SWIFT_VERSION = 4.0;
				TARGETED_DEVICE_FAMILY = "1,2";
			};
			name = Release;
		};
/* End XCBuildConfiguration section */

/* Begin XCConfigurationList section */
		2055998A2134FBDA00B06AD7 /* Build configuration list for PBXProject "financeApp" */ = {
			isa = XCConfigurationList;
			buildConfigurations = (
				2055999F2134FBDB00B06AD7 /* Debug */,
				205599A02134FBDB00B06AD7 /* Release */,
			);
			defaultConfigurationIsVisible = 0;
			defaultConfigurationName = Release;
		};
		205599A12134FBDB00B06AD7 /* Build configuration list for PBXNativeTarget "financeApp" */ = {
			isa = XCConfigurationList;
			buildConfigurations = (
				205599A22134FBDB00B06AD7 /* Debug */,
				205599A32134FBDB00B06AD7 /* Release */,
			);
			defaultConfigurationIsVisible = 0;
			defaultConfigurationName = Release;
		};
/* End XCConfigurationList section */
	};
	rootObject = 205599872134FBDA00B06AD7 /* Project object */;
}
